
Microsoft Visual Studio Solution File, Format Version 12.00
# Visual Studio Version 16
VisualStudioVersion = 16.0.28803.352
MinimumVisualStudioVersion = 10.0.40219.1
Project("{FAE04EC0-301F-11D3-BF4B-00C04F79EFBC}") = "AppConsole", "AppConsole\AppConsole.csproj", "{8CCE4B4C-2B7D-4AD9-98E4-B9558B683C07}"
EndProject
Project("{9A19103F-16F7-4668-BE54-9A1E7A4F7556}") = "Diplomado.Entities", "Diplomado.Entities\Diplomado.Entities.csproj", "{E06C80EE-F38D-485F-AA45-535A16F3082B}"
EndProject
Project("{9A19103F-16F7-4668-BE54-9A1E7A4F7556}") = "Diplomado.DataAccess", "Diplomado.DataAccess\Diplomado.DataAccess.csproj", "{3621224F-22B2-440D-84A3-27A8C80C18C0}"
EndProject
Project("{FAE04EC0-301F-11D3-BF4B-00C04F79EFBC}") = "WebApp", "WebApp\WebApp.csproj", "{051EEB35-78E9-45B0-8A5E-99612B15C128}"
EndProject
Project("{FAE04EC0-301F-11D3-BF4B-00C04F79EFBC}") = "WpfApp", "WpfApp\WpfApp.csproj", "{F22CAD7A-3767-40BD-BCC6-75B466C26C08}"
EndProject
Project("{2150E333-8FDC-42A3-9474-1A3956D46DE8}") = "Inicial", "Inicial", "{9DBB2590-B2C1-4C14-A08C-6AB2BD68E488}"
EndProject
Project("{2150E333-8FDC-42A3-9474-1A3956D46DE8}") = "NetCore", "NetCore", "{88307821-47E6-4FD8-9D53-BCB533702F1A}"
EndProject
Project("{9A19103F-16F7-4668-BE54-9A1E7A4F7556}") = "Core.AppConsole", "Core.AppConsole\Core.AppConsole.csproj", "{73DDE974-2C0D-45C7-AB32-8DEAC3AC6ABD}"
EndProject
Project("{9A19103F-16F7-4668-BE54-9A1E7A4F7556}") = "Northwind.Entities", "Northwind.Entities\Northwind.Entities.csproj", "{9C37E841-E4E2-40E2-90A1-5D676810D960}"
EndProject
Project("{9A19103F-16F7-4668-BE54-9A1E7A4F7556}") = "Northwind.DataAccess", "Northwind.DataAccess\Northwind.DataAccess.csproj", "{1A1682BD-B568-4218-AA99-7FD223B7BBB5}"
EndProject
Project("{9A19103F-16F7-4668-BE54-9A1E7A4F7556}") = "Core.AppWeb", "Core.AppWeb\Core.AppWeb.csproj", "{5042D420-2318-4FDA-B030-56D10426D1DD}"
EndProject
Global
	GlobalSection(SolutionConfigurationPlatforms) = preSolution
		Debug|Any CPU = Debug|Any CPU
		Debug|ARM = Debug|ARM
		Debug|ARM64 = Debug|ARM64
		Debug|iPhone = Debug|iPhone
		Debug|iPhoneSimulator = Debug|iPhoneSimulator
		Debug|x64 = Debug|x64
		Debug|x86 = Debug|x86
		Release|Any CPU = Release|Any CPU
		Release|ARM = Release|ARM
		Release|ARM64 = Release|ARM64
		Release|iPhone = Release|iPhone
		Release|iPhoneSimulator = Release|iPhoneSimulator
		Release|x64 = Release|x64
		Release|x86 = Release|x86
	EndGlobalSection
	GlobalSection(ProjectConfigurationPlatforms) = postSolution
		{8CCE4B4C-2B7D-4AD9-98E4-B9558B683C07}.Debug|Any CPU.ActiveCfg = Debug|Any CPU
		{8CCE4B4C-2B7D-4AD9-98E4-B9558B683C07}.Debug|Any CPU.Build.0 = Debug|Any CPU
		{8CCE4B4C-2B7D-4AD9-98E4-B9558B683C07}.Debug|ARM.ActiveCfg = Debug|Any CPU
		{8CCE4B4C-2B7D-4AD9-98E4-B9558B683C07}.Debug|ARM64.ActiveCfg = Debug|Any CPU
		{8CCE4B4C-2B7D-4AD9-98E4-B9558B683C07}.Debug|iPhone.ActiveCfg = Debug|Any CPU
		{8CCE4B4C-2B7D-4AD9-98E4-B9558B683C07}.Debug|iPhoneSimulator.ActiveCfg = Debug|Any CPU
		{8CCE4B4C-2B7D-4AD9-98E4-B9558B683C07}.Debug|x64.ActiveCfg = Debug|Any CPU
		{8CCE4B4C-2B7D-4AD9-98E4-B9558B683C07}.Debug|x86.ActiveCfg = Debug|Any CPU
		{8CCE4B4C-2B7D-4AD9-98E4-B9558B683C07}.Release|Any CPU.ActiveCfg = Release|Any CPU
		{8CCE4B4C-2B7D-4AD9-98E4-B9558B683C07}.Release|Any CPU.Build.0 = Release|Any CPU
		{8CCE4B4C-2B7D-4AD9-98E4-B9558B683C07}.Release|ARM.ActiveCfg = Release|Any CPU
		{8CCE4B4C-2B7D-4AD9-98E4-B9558B683C07}.Release|ARM64.ActiveCfg = Release|Any CPU
		{8CCE4B4C-2B7D-4AD9-98E4-B9558B683C07}.Release|iPhone.ActiveCfg = Release|Any CPU
		{8CCE4B4C-2B7D-4AD9-98E4-B9558B683C07}.Release|iPhoneSimulator.ActiveCfg = Release|Any CPU
		{8CCE4B4C-2B7D-4AD9-98E4-B9558B683C07}.Release|x64.ActiveCfg = Release|Any CPU
		{8CCE4B4C-2B7D-4AD9-98E4-B9558B683C07}.Release|x86.ActiveCfg = Release|Any CPU
		{E06C80EE-F38D-485F-AA45-535A16F3082B}.Debug|Any CPU.ActiveCfg = Debug|Any CPU
		{E06C80EE-F38D-485F-AA45-535A16F3082B}.Debug|Any CPU.Build.0 = Debug|Any CPU
		{E06C80EE-F38D-485F-AA45-535A16F3082B}.Debug|ARM.ActiveCfg = Debug|Any CPU
		{E06C80EE-F38D-485F-AA45-535A16F3082B}.Debug|ARM64.ActiveCfg = Debug|Any CPU
		{E06C80EE-F38D-485F-AA45-535A16F3082B}.Debug|iPhone.ActiveCfg = Debug|Any CPU
		{E06C80EE-F38D-485F-AA45-535A16F3082B}.Debug|iPhoneSimulator.ActiveCfg = Debug|Any CPU
		{E06C80EE-F38D-485F-AA45-535A16F3082B}.Debug|x64.ActiveCfg = Debug|Any CPU
		{E06C80EE-F38D-485F-AA45-535A16F3082B}.Debug|x86.ActiveCfg = Debug|Any CPU
		{E06C80EE-F38D-485F-AA45-535A16F3082B}.Release|Any CPU.ActiveCfg = Release|Any CPU
		{E06C80EE-F38D-485F-AA45-535A16F3082B}.Release|Any CPU.Build.0 = Release|Any CPU
		{E06C80EE-F38D-485F-AA45-535A16F3082B}.Release|ARM.ActiveCfg = Release|Any CPU
		{E06C80EE-F38D-485F-AA45-535A16F3082B}.Release|ARM64.ActiveCfg = Release|Any CPU
		{E06C80EE-F38D-485F-AA45-535A16F3082B}.Release|iPhone.ActiveCfg = Release|Any CPU
		{E06C80EE-F38D-485F-AA45-535A16F3082B}.Release|iPhoneSimulator.ActiveCfg = Release|Any CPU
		{E06C80EE-F38D-485F-AA45-535A16F3082B}.Release|x64.ActiveCfg = Release|Any CPU
		{E06C80EE-F38D-485F-AA45-535A16F3082B}.Release|x86.ActiveCfg = Release|Any CPU
		{3621224F-22B2-440D-84A3-27A8C80C18C0}.Debug|Any CPU.ActiveCfg = Debug|Any CPU
		{3621224F-22B2-440D-84A3-27A8C80C18C0}.Debug|Any CPU.Build.0 = Debug|Any CPU
		{3621224F-22B2-440D-84A3-27A8C80C18C0}.Debug|ARM.ActiveCfg = Debug|Any CPU
		{3621224F-22B2-440D-84A3-27A8C80C18C0}.Debug|ARM64.ActiveCfg = Debug|Any CPU
		{3621224F-22B2-440D-84A3-27A8C80C18C0}.Debug|iPhone.ActiveCfg = Debug|Any CPU
		{3621224F-22B2-440D-84A3-27A8C80C18C0}.Debug|iPhoneSimulator.ActiveCfg = Debug|Any CPU
		{3621224F-22B2-440D-84A3-27A8C80C18C0}.Debug|x64.ActiveCfg = Debug|Any CPU
		{3621224F-22B2-440D-84A3-27A8C80C18C0}.Debug|x86.ActiveCfg = Debug|Any CPU
		{3621224F-22B2-440D-84A3-27A8C80C18C0}.Release|Any CPU.ActiveCfg = Release|Any CPU
		{3621224F-22B2-440D-84A3-27A8C80C18C0}.Release|Any CPU.Build.0 = Release|Any CPU
		{3621224F-22B2-440D-84A3-27A8C80C18C0}.Release|ARM.ActiveCfg = Release|Any CPU
		{3621224F-22B2-440D-84A3-27A8C80C18C0}.Release|ARM64.ActiveCfg = Release|Any CPU
		{3621224F-22B2-440D-84A3-27A8C80C18C0}.Release|iPhone.ActiveCfg = Release|Any CPU
		{3621224F-22B2-440D-84A3-27A8C80C18C0}.Release|iPhoneSimulator.ActiveCfg = Release|Any CPU
		{3621224F-22B2-440D-84A3-27A8C80C18C0}.Release|x64.ActiveCfg = Release|Any CPU
		{3621224F-22B2-440D-84A3-27A8C80C18C0}.Release|x86.ActiveCfg = Release|Any CPU
		{051EEB35-78E9-45B0-8A5E-99612B15C128}.Debug|Any CPU.ActiveCfg = Debug|Any CPU
		{051EEB35-78E9-45B0-8A5E-99612B15C128}.Debug|Any CPU.Build.0 = Debug|Any CPU
		{051EEB35-78E9-45B0-8A5E-99612B15C128}.Debug|ARM.ActiveCfg = Debug|Any CPU
		{051EEB35-78E9-45B0-8A5E-99612B15C128}.Debug|ARM64.ActiveCfg = Debug|Any CPU
		{051EEB35-78E9-45B0-8A5E-99612B15C128}.Debug|iPhone.ActiveCfg = Debug|Any CPU
		{051EEB35-78E9-45B0-8A5E-99612B15C128}.Debug|iPhoneSimulator.ActiveCfg = Debug|Any CPU
		{051EEB35-78E9-45B0-8A5E-99612B15C128}.Debug|x64.ActiveCfg = Debug|Any CPU
		{051EEB35-78E9-45B0-8A5E-99612B15C128}.Debug|x86.ActiveCfg = Debug|Any CPU
		{051EEB35-78E9-45B0-8A5E-99612B15C128}.Release|Any CPU.ActiveCfg = Release|Any CPU
		{051EEB35-78E9-45B0-8A5E-99612B15C128}.Release|Any CPU.Build.0 = Release|Any CPU
		{051EEB35-78E9-45B0-8A5E-99612B15C128}.Release|ARM.ActiveCfg = Release|Any CPU
		{051EEB35-78E9-45B0-8A5E-99612B15C128}.Release|ARM64.ActiveCfg = Release|Any CPU
		{051EEB35-78E9-45B0-8A5E-99612B15C128}.Release|iPhone.ActiveCfg = Release|Any CPU
		{051EEB35-78E9-45B0-8A5E-99612B15C128}.Release|iPhoneSimulator.ActiveCfg = Release|Any CPU
		{051EEB35-78E9-45B0-8A5E-99612B15C128}.Release|x64.ActiveCfg = Release|Any CPU
		{051EEB35-78E9-45B0-8A5E-99612B15C128}.Release|x86.ActiveCfg = Release|Any CPU
		{F22CAD7A-3767-40BD-BCC6-75B466C26C08}.Debug|Any CPU.ActiveCfg = Debug|Any CPU
		{F22CAD7A-3767-40BD-BCC6-75B466C26C08}.Debug|Any CPU.Build.0 = Debug|Any CPU
		{F22CAD7A-3767-40BD-BCC6-75B466C26C08}.Debug|ARM.ActiveCfg = Debug|Any CPU
		{F22CAD7A-3767-40BD-BCC6-75B466C26C08}.Debug|ARM64.ActiveCfg = Debug|Any CPU
		{F22CAD7A-3767-40BD-BCC6-75B466C26C08}.Debug|iPhone.ActiveCfg = Debug|Any CPU
		{F22CAD7A-3767-40BD-BCC6-75B466C26C08}.Debug|iPhoneSimulator.ActiveCfg = Debug|Any CPU
		{F22CAD7A-3767-40BD-BCC6-75B466C26C08}.Debug|x64.ActiveCfg = Debug|Any CPU
		{F22CAD7A-3767-40BD-BCC6-75B466C26C08}.Debug|x86.ActiveCfg = Debug|Any CPU
		{F22CAD7A-3767-40BD-BCC6-75B466C26C08}.Release|Any CPU.ActiveCfg = Release|Any CPU
		{F22CAD7A-3767-40BD-BCC6-75B466C26C08}.Release|Any CPU.Build.0 = Release|Any CPU
		{F22CAD7A-3767-40BD-BCC6-75B466C26C08}.Release|ARM.ActiveCfg = Release|Any CPU
		{F22CAD7A-3767-40BD-BCC6-75B466C26C08}.Release|ARM64.ActiveCfg = Release|Any CPU
		{F22CAD7A-3767-40BD-BCC6-75B466C26C08}.Release|iPhone.ActiveCfg = Release|Any CPU
		{F22CAD7A-3767-40BD-BCC6-75B466C26C08}.Release|iPhoneSimulator.ActiveCfg = Release|Any CPU
		{F22CAD7A-3767-40BD-BCC6-75B466C26C08}.Release|x64.ActiveCfg = Release|Any CPU
		{F22CAD7A-3767-40BD-BCC6-75B466C26C08}.Release|x86.ActiveCfg = Release|Any CPU
		{73DDE974-2C0D-45C7-AB32-8DEAC3AC6ABD}.Debug|Any CPU.ActiveCfg = Debug|Any CPU
		{73DDE974-2C0D-45C7-AB32-8DEAC3AC6ABD}.Debug|Any CPU.Build.0 = Debug|Any CPU
		{73DDE974-2C0D-45C7-AB32-8DEAC3AC6ABD}.Debug|ARM.ActiveCfg = Debug|Any CPU
		{73DDE974-2C0D-45C7-AB32-8DEAC3AC6ABD}.Debug|ARM.Build.0 = Debug|Any CPU
		{73DDE974-2C0D-45C7-AB32-8DEAC3AC6ABD}.Debug|ARM64.ActiveCfg = Debug|Any CPU
		{73DDE974-2C0D-45C7-AB32-8DEAC3AC6ABD}.Debug|ARM64.Build.0 = Debug|Any CPU
		{73DDE974-2C0D-45C7-AB32-8DEAC3AC6ABD}.Debug|iPhone.ActiveCfg = Debug|Any CPU
		{73DDE974-2C0D-45C7-AB32-8DEAC3AC6ABD}.Debug|iPhone.Build.0 = Debug|Any CPU
		{73DDE974-2C0D-45C7-AB32-8DEAC3AC6ABD}.Debug|iPhoneSimulator.ActiveCfg = Debug|Any CPU
		{73DDE974-2C0D-45C7-AB32-8DEAC3AC6ABD}.Debug|iPhoneSimulator.Build.0 = Debug|Any CPU
		{73DDE974-2C0D-45C7-AB32-8DEAC3AC6ABD}.Debug|x64.ActiveCfg = Debug|Any CPU
		{73DDE974-2C0D-45C7-AB32-8DEAC3AC6ABD}.Debug|x64.Build.0 = Debug|Any CPU
		{73DDE974-2C0D-45C7-AB32-8DEAC3AC6ABD}.Debug|x86.ActiveCfg = Debug|Any CPU
		{73DDE974-2C0D-45C7-AB32-8DEAC3AC6ABD}.Debug|x86.Build.0 = Debug|Any CPU
		{73DDE974-2C0D-45C7-AB32-8DEAC3AC6ABD}.Release|Any CPU.ActiveCfg = Release|Any CPU
		{73DDE974-2C0D-45C7-AB32-8DEAC3AC6ABD}.Release|Any CPU.Build.0 = Release|Any CPU
		{73DDE974-2C0D-45C7-AB32-8DEAC3AC6ABD}.Release|ARM.ActiveCfg = Release|Any CPU
		{73DDE974-2C0D-45C7-AB32-8DEAC3AC6ABD}.Release|ARM.Build.0 = Release|Any CPU
		{73DDE974-2C0D-45C7-AB32-8DEAC3AC6ABD}.Release|ARM64.ActiveCfg = Release|Any CPU
		{73DDE974-2C0D-45C7-AB32-8DEAC3AC6ABD}.Release|ARM64.Build.0 = Release|Any CPU
		{73DDE974-2C0D-45C7-AB32-8DEAC3AC6ABD}.Release|iPhone.ActiveCfg = Release|Any CPU
		{73DDE974-2C0D-45C7-AB32-8DEAC3AC6ABD}.Release|iPhone.Build.0 = Release|Any CPU
		{73DDE974-2C0D-45C7-AB32-8DEAC3AC6ABD}.Release|iPhoneSimulator.ActiveCfg = Release|Any CPU
		{73DDE974-2C0D-45C7-AB32-8DEAC3AC6ABD}.Release|iPhoneSimulator.Build.0 = Release|Any CPU
		{73DDE974-2C0D-45C7-AB32-8DEAC3AC6ABD}.Release|x64.ActiveCfg = Release|Any CPU
		{73DDE974-2C0D-45C7-AB32-8DEAC3AC6ABD}.Release|x64.Build.0 = Release|Any CPU
		{73DDE974-2C0D-45C7-AB32-8DEAC3AC6ABD}.Release|x86.ActiveCfg = Release|Any CPU
		{73DDE974-2C0D-45C7-AB32-8DEAC3AC6ABD}.Release|x86.Build.0 = Release|Any CPU
		{9C37E841-E4E2-40E2-90A1-5D676810D960}.Debug|Any CPU.ActiveCfg = Debug|Any CPU
		{9C37E841-E4E2-40E2-90A1-5D676810D960}.Debug|Any CPU.Build.0 = Debug|Any CPU
		{9C37E841-E4E2-40E2-90A1-5D676810D960}.Debug|ARM.ActiveCfg = Debug|Any CPU
		{9C37E841-E4E2-40E2-90A1-5D676810D960}.Debug|ARM.Build.0 = Debug|Any CPU
		{9C37E841-E4E2-40E2-90A1-5D676810D960}.Debug|ARM64.ActiveCfg = Debug|Any CPU
		{9C37E841-E4E2-40E2-90A1-5D676810D960}.Debug|ARM64.Build.0 = Debug|Any CPU
		{9C37E841-E4E2-40E2-90A1-5D676810D960}.Debug|iPhone.ActiveCfg = Debug|Any CPU
		{9C37E841-E4E2-40E2-90A1-5D676810D960}.Debug|iPhone.Build.0 = Debug|Any CPU
		{9C37E841-E4E2-40E2-90A1-5D676810D960}.Debug|iPhoneSimulator.ActiveCfg = Debug|Any CPU
		{9C37E841-E4E2-40E2-90A1-5D676810D960}.Debug|iPhoneSimulator.Build.0 = Debug|Any CPU
		{9C37E841-E4E2-40E2-90A1-5D676810D960}.Debug|x64.ActiveCfg = Debug|Any CPU
		{9C37E841-E4E2-40E2-90A1-5D676810D960}.Debug|x64.Build.0 = Debug|Any CPU
		{9C37E841-E4E2-40E2-90A1-5D676810D960}.Debug|x86.ActiveCfg = Debug|Any CPU
		{9C37E841-E4E2-40E2-90A1-5D676810D960}.Debug|x86.Build.0 = Debug|Any CPU
		{9C37E841-E4E2-40E2-90A1-5D676810D960}.Release|Any CPU.ActiveCfg = Release|Any CPU
		{9C37E841-E4E2-40E2-90A1-5D676810D960}.Release|Any CPU.Build.0 = Release|Any CPU
		{9C37E841-E4E2-40E2-90A1-5D676810D960}.Release|ARM.ActiveCfg = Release|Any CPU
		{9C37E841-E4E2-40E2-90A1-5D676810D960}.Release|ARM.Build.0 = Release|Any CPU
		{9C37E841-E4E2-40E2-90A1-5D676810D960}.Release|ARM64.ActiveCfg = Release|Any CPU
		{9C37E841-E4E2-40E2-90A1-5D676810D960}.Release|ARM64.Build.0 = Release|Any CPU
		{9C37E841-E4E2-40E2-90A1-5D676810D960}.Release|iPhone.ActiveCfg = Release|Any CPU
		{9C37E841-E4E2-40E2-90A1-5D676810D960}.Release|iPhone.Build.0 = Release|Any CPU
		{9C37E841-E4E2-40E2-90A1-5D676810D960}.Release|iPhoneSimulator.ActiveCfg = Release|Any CPU
		{9C37E841-E4E2-40E2-90A1-5D676810D960}.Release|iPhoneSimulator.Build.0 = Release|Any CPU
		{9C37E841-E4E2-40E2-90A1-5D676810D960}.Release|x64.ActiveCfg = Release|Any CPU
		{9C37E841-E4E2-40E2-90A1-5D676810D960}.Release|x64.Build.0 = Release|Any CPU
		{9C37E841-E4E2-40E2-90A1-5D676810D960}.Release|x86.ActiveCfg = Release|Any CPU
		{9C37E841-E4E2-40E2-90A1-5D676810D960}.Release|x86.Build.0 = Release|Any CPU
		{1A1682BD-B568-4218-AA99-7FD223B7BBB5}.Debug|Any CPU.ActiveCfg = Debug|Any CPU
		{1A1682BD-B568-4218-AA99-7FD223B7BBB5}.Debug|Any CPU.Build.0 = Debug|Any CPU
		{1A1682BD-B568-4218-AA99-7FD223B7BBB5}.Debug|ARM.ActiveCfg = Debug|Any CPU
		{1A1682BD-B568-4218-AA99-7FD223B7BBB5}.Debug|ARM.Build.0 = Debug|Any CPU
		{1A1682BD-B568-4218-AA99-7FD223B7BBB5}.Debug|ARM64.ActiveCfg = Debug|Any CPU
		{1A1682BD-B568-4218-AA99-7FD223B7BBB5}.Debug|ARM64.Build.0 = Debug|Any CPU
		{1A1682BD-B568-4218-AA99-7FD223B7BBB5}.Debug|iPhone.ActiveCfg = Debug|Any CPU
		{1A1682BD-B568-4218-AA99-7FD223B7BBB5}.Debug|iPhone.Build.0 = Debug|Any CPU
		{1A1682BD-B568-4218-AA99-7FD223B7BBB5}.Debug|iPhoneSimulator.ActiveCfg = Debug|Any CPU
		{1A1682BD-B568-4218-AA99-7FD223B7BBB5}.Debug|iPhoneSimulator.Build.0 = Debug|Any CPU
		{1A1682BD-B568-4218-AA99-7FD223B7BBB5}.Debug|x64.ActiveCfg = Debug|Any CPU
		{1A1682BD-B568-4218-AA99-7FD223B7BBB5}.Debug|x64.Build.0 = Debug|Any CPU
		{1A1682BD-B568-4218-AA99-7FD223B7BBB5}.Debug|x86.ActiveCfg = Debug|Any CPU
		{1A1682BD-B568-4218-AA99-7FD223B7BBB5}.Debug|x86.Build.0 = Debug|Any CPU
		{1A1682BD-B568-4218-AA99-7FD223B7BBB5}.Release|Any CPU.ActiveCfg = Release|Any CPU
		{1A1682BD-B568-4218-AA99-7FD223B7BBB5}.Release|Any CPU.Build.0 = Release|Any CPU
		{1A1682BD-B568-4218-AA99-7FD223B7BBB5}.Release|ARM.ActiveCfg = Release|Any CPU
		{1A1682BD-B568-4218-AA99-7FD223B7BBB5}.Release|ARM.Build.0 = Release|Any CPU
		{1A1682BD-B568-4218-AA99-7FD223B7BBB5}.Release|ARM64.ActiveCfg = Release|Any CPU
		{1A1682BD-B568-4218-AA99-7FD223B7BBB5}.Release|ARM64.Build.0 = Release|Any CPU
		{1A1682BD-B568-4218-AA99-7FD223B7BBB5}.Release|iPhone.ActiveCfg = Release|Any CPU
		{1A1682BD-B568-4218-AA99-7FD223B7BBB5}.Release|iPhone.Build.0 = Release|Any CPU
		{1A1682BD-B568-4218-AA99-7FD223B7BBB5}.Release|iPhoneSimulator.ActiveCfg = Release|Any CPU
		{1A1682BD-B568-4218-AA99-7FD223B7BBB5}.Release|iPhoneSimulator.Build.0 = Release|Any CPU
		{1A1682BD-B568-4218-AA99-7FD223B7BBB5}.Release|x64.ActiveCfg = Release|Any CPU
		{1A1682BD-B568-4218-AA99-7FD223B7BBB5}.Release|x64.Build.0 = Release|Any CPU
		{1A1682BD-B568-4218-AA99-7FD223B7BBB5}.Release|x86.ActiveCfg = Release|Any CPU
		{1A1682BD-B568-4218-AA99-7FD223B7BBB5}.Release|x86.Build.0 = Release|Any CPU
		{5042D420-2318-4FDA-B030-56D10426D1DD}.Debug|Any CPU.ActiveCfg = Debug|Any CPU
		{5042D420-2318-4FDA-B030-56D10426D1DD}.Debug|Any CPU.Build.0 = Debug|Any CPU
		{5042D420-2318-4FDA-B030-56D10426D1DD}.Debug|ARM.ActiveCfg = Debug|Any CPU
		{5042D420-2318-4FDA-B030-56D10426D1DD}.Debug|ARM.Build.0 = Debug|Any CPU
		{5042D420-2318-4FDA-B030-56D10426D1DD}.Debug|ARM64.ActiveCfg = Debug|Any CPU
		{5042D420-2318-4FDA-B030-56D10426D1DD}.Debug|ARM64.Build.0 = Debug|Any CPU
		{5042D420-2318-4FDA-B030-56D10426D1DD}.Debug|iPhone.ActiveCfg = Debug|Any CPU
		{5042D420-2318-4FDA-B030-56D10426D1DD}.Debug|iPhone.Build.0 = Debug|Any CPU
		{5042D420-2318-4FDA-B030-56D10426D1DD}.Debug|iPhoneSimulator.ActiveCfg = Debug|Any CPU
		{5042D420-2318-4FDA-B030-56D10426D1DD}.Debug|iPhoneSimulator.Build.0 = Debug|Any CPU
		{5042D420-2318-4FDA-B030-56D10426D1DD}.Debug|x64.ActiveCfg = Debug|Any CPU
		{5042D420-2318-4FDA-B030-56D10426D1DD}.Debug|x64.Build.0 = Debug|Any CPU
		{5042D420-2318-4FDA-B030-56D10426D1DD}.Debug|x86.ActiveCfg = Debug|Any CPU
		{5042D420-2318-4FDA-B030-56D10426D1DD}.Debug|x86.Build.0 = Debug|Any CPU
		{5042D420-2318-4FDA-B030-56D10426D1DD}.Release|Any CPU.ActiveCfg = Release|Any CPU
		{5042D420-2318-4FDA-B030-56D10426D1DD}.Release|Any CPU.Build.0 = Release|Any CPU
		{5042D420-2318-4FDA-B030-56D10426D1DD}.Release|ARM.ActiveCfg = Release|Any CPU
		{5042D420-2318-4FDA-B030-56D10426D1DD}.Release|ARM.Build.0 = Release|Any CPU
		{5042D420-2318-4FDA-B030-56D10426D1DD}.Release|ARM64.ActiveCfg = Release|Any CPU
		{5042D420-2318-4FDA-B030-56D10426D1DD}.Release|ARM64.Build.0 = Release|Any CPU
		{5042D420-2318-4FDA-B030-56D10426D1DD}.Release|iPhone.ActiveCfg = Release|Any CPU
		{5042D420-2318-4FDA-B030-56D10426D1DD}.Release|iPhone.Build.0 = Release|Any CPU
		{5042D420-2318-4FDA-B030-56D10426D1DD}.Release|iPhoneSimulator.ActiveCfg = Release|Any CPU
		{5042D420-2318-4FDA-B030-56D10426D1DD}.Release|iPhoneSimulator.Build.0 = Release|Any CPU
		{5042D420-2318-4FDA-B030-56D10426D1DD}.Release|x64.ActiveCfg = Release|Any CPU
		{5042D420-2318-4FDA-B030-56D10426D1DD}.Release|x64.Build.0 = Release|Any CPU
		{5042D420-2318-4FDA-B030-56D10426D1DD}.Release|x86.ActiveCfg = Release|Any CPU
		{5042D420-2318-4FDA-B030-56D10426D1DD}.Release|x86.Build.0 = Release|Any CPU
	EndGlobalSection
	GlobalSection(SolutionProperties) = preSolution
		HideSolutionNode = FALSE
	EndGlobalSection
	GlobalSection(NestedProjects) = preSolution
		{8CCE4B4C-2B7D-4AD9-98E4-B9558B683C07} = {9DBB2590-B2C1-4C14-A08C-6AB2BD68E488}
		{E06C80EE-F38D-485F-AA45-535A16F3082B} = {9DBB2590-B2C1-4C14-A08C-6AB2BD68E488}
		{3621224F-22B2-440D-84A3-27A8C80C18C0} = {9DBB2590-B2C1-4C14-A08C-6AB2BD68E488}
		{051EEB35-78E9-45B0-8A5E-99612B15C128} = {9DBB2590-B2C1-4C14-A08C-6AB2BD68E488}
		{F22CAD7A-3767-40BD-BCC6-75B466C26C08} = {9DBB2590-B2C1-4C14-A08C-6AB2BD68E488}
		{73DDE974-2C0D-45C7-AB32-8DEAC3AC6ABD} = {88307821-47E6-4FD8-9D53-BCB533702F1A}
		{9C37E841-E4E2-40E2-90A1-5D676810D960} = {88307821-47E6-4FD8-9D53-BCB533702F1A}
		{1A1682BD-B568-4218-AA99-7FD223B7BBB5} = {88307821-47E6-4FD8-9D53-BCB533702F1A}
		{5042D420-2318-4FDA-B030-56D10426D1DD} = {88307821-47E6-4FD8-9D53-BCB533702F1A}
	EndGlobalSection
	GlobalSection(ExtensibilityGlobals) = postSolution
		SolutionGuid = {8FAC0BF0-EBE4-4059-A7F3-5BFCEFF23DDD}
	EndGlobalSection
EndGlobal
