
Microsoft Visual Studio Solution File, Format Version 12.00
# Visual Studio Version 16
VisualStudioVersion = 16.0.28803.352
MinimumVisualStudioVersion = 10.0.40219.1
Project("{FAE04EC0-301F-11D3-BF4B-00C04F79EFBC}") = "AppConsole", "AppConsole\AppConsole.csproj", "{8CCE4B4C-2B7D-4AD9-98E4-B9558B683C07}"
EndProject
Project("{9A19103F-16F7-4668-BE54-9A1E7A4F7556}") = "Diplomado.Entities", "Diplomado.Entities\Diplomado.Entities.csproj", "{E06C80EE-F38D-485F-AA45-535A16F3082B}"
EndProject
Project("{9A19103F-16F7-4668-BE54-9A1E7A4F7556}") = "Diplomado.DataAccess", "Diplomado.DataAccess\Diplomado.DataAccess.csproj", "{3621224F-22B2-440D-84A3-27A8C80C18C0}"
EndProject
Project("{FAE04EC0-301F-11D3-BF4B-00C04F79EFBC}") = "WebApp", "WebApp\WebApp.csproj", "{051EEB35-78E9-45B0-8A5E-99612B15C128}"
EndProject
Project("{FAE04EC0-301F-11D3-BF4B-00C04F79EFBC}") = "WpfApp", "WpfApp\WpfApp.csproj", "{F22CAD7A-3767-40BD-BCC6-75B466C26C08}"
EndProject
Project("{2150E333-8FDC-42A3-9474-1A3956D46DE8}") = "Inicial", "Inicial", "{9DBB2590-B2C1-4C14-A08C-6AB2BD68E488}"
EndProject
Project("{2150E333-8FDC-42A3-9474-1A3956D46DE8}") = "Practicas", "Practicas", "{B9F22818-A93D-4ACC-82D9-B7F7194CE53F}"
EndProject
Project("{9A19103F-16F7-4668-BE54-9A1E7A4F7556}") = "Core.Northwind.Entities", "Core.Northwind.Entities\Core.Northwind.Entities.csproj", "{6D22247B-225D-4901-BC3D-80A8B3B2503C}"
EndProject
Project("{9A19103F-16F7-4668-BE54-9A1E7A4F7556}") = "Core.Northwind.DataAccess", "Core.Northwind.DataAccess\Core.Northwind.DataAccess.csproj", "{60A99BFD-66FB-466F-AA8F-3E5023B92580}"
EndProject
Project("{9A19103F-16F7-4668-BE54-9A1E7A4F7556}") = "App.Core.Web", "App.Core.Web\App.Core.Web.csproj", "{CA2E9687-C5BA-4893-9C5B-49646EC0AD8E}"
EndProject
Project("{FAE04EC0-301F-11D3-BF4B-00C04F79EFBC}") = "App.Core.WPF", "App.Core.WPF\App.Core.WPF.csproj", "{E65A6781-CDD9-4A02-B8A2-41E754C0DFFE}"
EndProject
Global
	GlobalSection(SolutionConfigurationPlatforms) = preSolution
		Debug|Any CPU = Debug|Any CPU
		Debug|ARM = Debug|ARM
		Debug|ARM64 = Debug|ARM64
		Debug|iPhone = Debug|iPhone
		Debug|iPhoneSimulator = Debug|iPhoneSimulator
		Debug|x64 = Debug|x64
		Debug|x86 = Debug|x86
		Release|Any CPU = Release|Any CPU
		Release|ARM = Release|ARM
		Release|ARM64 = Release|ARM64
		Release|iPhone = Release|iPhone
		Release|iPhoneSimulator = Release|iPhoneSimulator
		Release|x64 = Release|x64
		Release|x86 = Release|x86
	EndGlobalSection
	GlobalSection(ProjectConfigurationPlatforms) = postSolution
		{8CCE4B4C-2B7D-4AD9-98E4-B9558B683C07}.Debug|Any CPU.ActiveCfg = Debug|Any CPU
		{8CCE4B4C-2B7D-4AD9-98E4-B9558B683C07}.Debug|Any CPU.Build.0 = Debug|Any CPU
		{8CCE4B4C-2B7D-4AD9-98E4-B9558B683C07}.Debug|ARM.ActiveCfg = Debug|Any CPU
		{8CCE4B4C-2B7D-4AD9-98E4-B9558B683C07}.Debug|ARM64.ActiveCfg = Debug|Any CPU
		{8CCE4B4C-2B7D-4AD9-98E4-B9558B683C07}.Debug|iPhone.ActiveCfg = Debug|Any CPU
		{8CCE4B4C-2B7D-4AD9-98E4-B9558B683C07}.Debug|iPhoneSimulator.ActiveCfg = Debug|Any CPU
		{8CCE4B4C-2B7D-4AD9-98E4-B9558B683C07}.Debug|x64.ActiveCfg = Debug|Any CPU
		{8CCE4B4C-2B7D-4AD9-98E4-B9558B683C07}.Debug|x86.ActiveCfg = Debug|Any CPU
		{8CCE4B4C-2B7D-4AD9-98E4-B9558B683C07}.Release|Any CPU.ActiveCfg = Release|Any CPU
		{8CCE4B4C-2B7D-4AD9-98E4-B9558B683C07}.Release|Any CPU.Build.0 = Release|Any CPU
		{8CCE4B4C-2B7D-4AD9-98E4-B9558B683C07}.Release|ARM.ActiveCfg = Release|Any CPU
		{8CCE4B4C-2B7D-4AD9-98E4-B9558B683C07}.Release|ARM64.ActiveCfg = Release|Any CPU
		{8CCE4B4C-2B7D-4AD9-98E4-B9558B683C07}.Release|iPhone.ActiveCfg = Release|Any CPU
		{8CCE4B4C-2B7D-4AD9-98E4-B9558B683C07}.Release|iPhoneSimulator.ActiveCfg = Release|Any CPU
		{8CCE4B4C-2B7D-4AD9-98E4-B9558B683C07}.Release|x64.ActiveCfg = Release|Any CPU
		{8CCE4B4C-2B7D-4AD9-98E4-B9558B683C07}.Release|x86.ActiveCfg = Release|Any CPU
		{E06C80EE-F38D-485F-AA45-535A16F3082B}.Debug|Any CPU.ActiveCfg = Debug|Any CPU
		{E06C80EE-F38D-485F-AA45-535A16F3082B}.Debug|Any CPU.Build.0 = Debug|Any CPU
		{E06C80EE-F38D-485F-AA45-535A16F3082B}.Debug|ARM.ActiveCfg = Debug|Any CPU
		{E06C80EE-F38D-485F-AA45-535A16F3082B}.Debug|ARM64.ActiveCfg = Debug|Any CPU
		{E06C80EE-F38D-485F-AA45-535A16F3082B}.Debug|iPhone.ActiveCfg = Debug|Any CPU
		{E06C80EE-F38D-485F-AA45-535A16F3082B}.Debug|iPhoneSimulator.ActiveCfg = Debug|Any CPU
		{E06C80EE-F38D-485F-AA45-535A16F3082B}.Debug|x64.ActiveCfg = Debug|Any CPU
		{E06C80EE-F38D-485F-AA45-535A16F3082B}.Debug|x86.ActiveCfg = Debug|Any CPU
		{E06C80EE-F38D-485F-AA45-535A16F3082B}.Release|Any CPU.ActiveCfg = Release|Any CPU
		{E06C80EE-F38D-485F-AA45-535A16F3082B}.Release|Any CPU.Build.0 = Release|Any CPU
		{E06C80EE-F38D-485F-AA45-535A16F3082B}.Release|ARM.ActiveCfg = Release|Any CPU
		{E06C80EE-F38D-485F-AA45-535A16F3082B}.Release|ARM64.ActiveCfg = Release|Any CPU
		{E06C80EE-F38D-485F-AA45-535A16F3082B}.Release|iPhone.ActiveCfg = Release|Any CPU
		{E06C80EE-F38D-485F-AA45-535A16F3082B}.Release|iPhoneSimulator.ActiveCfg = Release|Any CPU
		{E06C80EE-F38D-485F-AA45-535A16F3082B}.Release|x64.ActiveCfg = Release|Any CPU
		{E06C80EE-F38D-485F-AA45-535A16F3082B}.Release|x86.ActiveCfg = Release|Any CPU
		{3621224F-22B2-440D-84A3-27A8C80C18C0}.Debug|Any CPU.ActiveCfg = Debug|Any CPU
		{3621224F-22B2-440D-84A3-27A8C80C18C0}.Debug|Any CPU.Build.0 = Debug|Any CPU
		{3621224F-22B2-440D-84A3-27A8C80C18C0}.Debug|ARM.ActiveCfg = Debug|Any CPU
		{3621224F-22B2-440D-84A3-27A8C80C18C0}.Debug|ARM64.ActiveCfg = Debug|Any CPU
		{3621224F-22B2-440D-84A3-27A8C80C18C0}.Debug|iPhone.ActiveCfg = Debug|Any CPU
		{3621224F-22B2-440D-84A3-27A8C80C18C0}.Debug|iPhoneSimulator.ActiveCfg = Debug|Any CPU
		{3621224F-22B2-440D-84A3-27A8C80C18C0}.Debug|x64.ActiveCfg = Debug|Any CPU
		{3621224F-22B2-440D-84A3-27A8C80C18C0}.Debug|x86.ActiveCfg = Debug|Any CPU
		{3621224F-22B2-440D-84A3-27A8C80C18C0}.Release|Any CPU.ActiveCfg = Release|Any CPU
		{3621224F-22B2-440D-84A3-27A8C80C18C0}.Release|Any CPU.Build.0 = Release|Any CPU
		{3621224F-22B2-440D-84A3-27A8C80C18C0}.Release|ARM.ActiveCfg = Release|Any CPU
		{3621224F-22B2-440D-84A3-27A8C80C18C0}.Release|ARM64.ActiveCfg = Release|Any CPU
		{3621224F-22B2-440D-84A3-27A8C80C18C0}.Release|iPhone.ActiveCfg = Release|Any CPU
		{3621224F-22B2-440D-84A3-27A8C80C18C0}.Release|iPhoneSimulator.ActiveCfg = Release|Any CPU
		{3621224F-22B2-440D-84A3-27A8C80C18C0}.Release|x64.ActiveCfg = Release|Any CPU
		{3621224F-22B2-440D-84A3-27A8C80C18C0}.Release|x86.ActiveCfg = Release|Any CPU
		{051EEB35-78E9-45B0-8A5E-99612B15C128}.Debug|Any CPU.ActiveCfg = Debug|Any CPU
		{051EEB35-78E9-45B0-8A5E-99612B15C128}.Debug|Any CPU.Build.0 = Debug|Any CPU
		{051EEB35-78E9-45B0-8A5E-99612B15C128}.Debug|ARM.ActiveCfg = Debug|Any CPU
		{051EEB35-78E9-45B0-8A5E-99612B15C128}.Debug|ARM64.ActiveCfg = Debug|Any CPU
		{051EEB35-78E9-45B0-8A5E-99612B15C128}.Debug|iPhone.ActiveCfg = Debug|Any CPU
		{051EEB35-78E9-45B0-8A5E-99612B15C128}.Debug|iPhoneSimulator.ActiveCfg = Debug|Any CPU
		{051EEB35-78E9-45B0-8A5E-99612B15C128}.Debug|x64.ActiveCfg = Debug|Any CPU
		{051EEB35-78E9-45B0-8A5E-99612B15C128}.Debug|x86.ActiveCfg = Debug|Any CPU
		{051EEB35-78E9-45B0-8A5E-99612B15C128}.Release|Any CPU.ActiveCfg = Release|Any CPU
		{051EEB35-78E9-45B0-8A5E-99612B15C128}.Release|Any CPU.Build.0 = Release|Any CPU
		{051EEB35-78E9-45B0-8A5E-99612B15C128}.Release|ARM.ActiveCfg = Release|Any CPU
		{051EEB35-78E9-45B0-8A5E-99612B15C128}.Release|ARM64.ActiveCfg = Release|Any CPU
		{051EEB35-78E9-45B0-8A5E-99612B15C128}.Release|iPhone.ActiveCfg = Release|Any CPU
		{051EEB35-78E9-45B0-8A5E-99612B15C128}.Release|iPhoneSimulator.ActiveCfg = Release|Any CPU
		{051EEB35-78E9-45B0-8A5E-99612B15C128}.Release|x64.ActiveCfg = Release|Any CPU
		{051EEB35-78E9-45B0-8A5E-99612B15C128}.Release|x86.ActiveCfg = Release|Any CPU
		{F22CAD7A-3767-40BD-BCC6-75B466C26C08}.Debug|Any CPU.ActiveCfg = Debug|Any CPU
		{F22CAD7A-3767-40BD-BCC6-75B466C26C08}.Debug|Any CPU.Build.0 = Debug|Any CPU
		{F22CAD7A-3767-40BD-BCC6-75B466C26C08}.Debug|ARM.ActiveCfg = Debug|Any CPU
		{F22CAD7A-3767-40BD-BCC6-75B466C26C08}.Debug|ARM64.ActiveCfg = Debug|Any CPU
		{F22CAD7A-3767-40BD-BCC6-75B466C26C08}.Debug|iPhone.ActiveCfg = Debug|Any CPU
		{F22CAD7A-3767-40BD-BCC6-75B466C26C08}.Debug|iPhoneSimulator.ActiveCfg = Debug|Any CPU
		{F22CAD7A-3767-40BD-BCC6-75B466C26C08}.Debug|x64.ActiveCfg = Debug|Any CPU
		{F22CAD7A-3767-40BD-BCC6-75B466C26C08}.Debug|x86.ActiveCfg = Debug|Any CPU
		{F22CAD7A-3767-40BD-BCC6-75B466C26C08}.Release|Any CPU.ActiveCfg = Release|Any CPU
		{F22CAD7A-3767-40BD-BCC6-75B466C26C08}.Release|Any CPU.Build.0 = Release|Any CPU
		{F22CAD7A-3767-40BD-BCC6-75B466C26C08}.Release|ARM.ActiveCfg = Release|Any CPU
		{F22CAD7A-3767-40BD-BCC6-75B466C26C08}.Release|ARM64.ActiveCfg = Release|Any CPU
		{F22CAD7A-3767-40BD-BCC6-75B466C26C08}.Release|iPhone.ActiveCfg = Release|Any CPU
		{F22CAD7A-3767-40BD-BCC6-75B466C26C08}.Release|iPhoneSimulator.ActiveCfg = Release|Any CPU
		{F22CAD7A-3767-40BD-BCC6-75B466C26C08}.Release|x64.ActiveCfg = Release|Any CPU
		{F22CAD7A-3767-40BD-BCC6-75B466C26C08}.Release|x86.ActiveCfg = Release|Any CPU
		{6D22247B-225D-4901-BC3D-80A8B3B2503C}.Debug|Any CPU.ActiveCfg = Debug|Any CPU
		{6D22247B-225D-4901-BC3D-80A8B3B2503C}.Debug|Any CPU.Build.0 = Debug|Any CPU
		{6D22247B-225D-4901-BC3D-80A8B3B2503C}.Debug|ARM.ActiveCfg = Debug|Any CPU
		{6D22247B-225D-4901-BC3D-80A8B3B2503C}.Debug|ARM.Build.0 = Debug|Any CPU
		{6D22247B-225D-4901-BC3D-80A8B3B2503C}.Debug|ARM64.ActiveCfg = Debug|Any CPU
		{6D22247B-225D-4901-BC3D-80A8B3B2503C}.Debug|ARM64.Build.0 = Debug|Any CPU
		{6D22247B-225D-4901-BC3D-80A8B3B2503C}.Debug|iPhone.ActiveCfg = Debug|Any CPU
		{6D22247B-225D-4901-BC3D-80A8B3B2503C}.Debug|iPhone.Build.0 = Debug|Any CPU
		{6D22247B-225D-4901-BC3D-80A8B3B2503C}.Debug|iPhoneSimulator.ActiveCfg = Debug|Any CPU
		{6D22247B-225D-4901-BC3D-80A8B3B2503C}.Debug|iPhoneSimulator.Build.0 = Debug|Any CPU
		{6D22247B-225D-4901-BC3D-80A8B3B2503C}.Debug|x64.ActiveCfg = Debug|Any CPU
		{6D22247B-225D-4901-BC3D-80A8B3B2503C}.Debug|x64.Build.0 = Debug|Any CPU
		{6D22247B-225D-4901-BC3D-80A8B3B2503C}.Debug|x86.ActiveCfg = Debug|Any CPU
		{6D22247B-225D-4901-BC3D-80A8B3B2503C}.Debug|x86.Build.0 = Debug|Any CPU
		{6D22247B-225D-4901-BC3D-80A8B3B2503C}.Release|Any CPU.ActiveCfg = Release|Any CPU
		{6D22247B-225D-4901-BC3D-80A8B3B2503C}.Release|Any CPU.Build.0 = Release|Any CPU
		{6D22247B-225D-4901-BC3D-80A8B3B2503C}.Release|ARM.ActiveCfg = Release|Any CPU
		{6D22247B-225D-4901-BC3D-80A8B3B2503C}.Release|ARM.Build.0 = Release|Any CPU
		{6D22247B-225D-4901-BC3D-80A8B3B2503C}.Release|ARM64.ActiveCfg = Release|Any CPU
		{6D22247B-225D-4901-BC3D-80A8B3B2503C}.Release|ARM64.Build.0 = Release|Any CPU
		{6D22247B-225D-4901-BC3D-80A8B3B2503C}.Release|iPhone.ActiveCfg = Release|Any CPU
		{6D22247B-225D-4901-BC3D-80A8B3B2503C}.Release|iPhone.Build.0 = Release|Any CPU
		{6D22247B-225D-4901-BC3D-80A8B3B2503C}.Release|iPhoneSimulator.ActiveCfg = Release|Any CPU
		{6D22247B-225D-4901-BC3D-80A8B3B2503C}.Release|iPhoneSimulator.Build.0 = Release|Any CPU
		{6D22247B-225D-4901-BC3D-80A8B3B2503C}.Release|x64.ActiveCfg = Release|Any CPU
		{6D22247B-225D-4901-BC3D-80A8B3B2503C}.Release|x64.Build.0 = Release|Any CPU
		{6D22247B-225D-4901-BC3D-80A8B3B2503C}.Release|x86.ActiveCfg = Release|Any CPU
		{6D22247B-225D-4901-BC3D-80A8B3B2503C}.Release|x86.Build.0 = Release|Any CPU
		{60A99BFD-66FB-466F-AA8F-3E5023B92580}.Debug|Any CPU.ActiveCfg = Debug|Any CPU
		{60A99BFD-66FB-466F-AA8F-3E5023B92580}.Debug|Any CPU.Build.0 = Debug|Any CPU
		{60A99BFD-66FB-466F-AA8F-3E5023B92580}.Debug|ARM.ActiveCfg = Debug|Any CPU
		{60A99BFD-66FB-466F-AA8F-3E5023B92580}.Debug|ARM.Build.0 = Debug|Any CPU
		{60A99BFD-66FB-466F-AA8F-3E5023B92580}.Debug|ARM64.ActiveCfg = Debug|Any CPU
		{60A99BFD-66FB-466F-AA8F-3E5023B92580}.Debug|ARM64.Build.0 = Debug|Any CPU
		{60A99BFD-66FB-466F-AA8F-3E5023B92580}.Debug|iPhone.ActiveCfg = Debug|Any CPU
		{60A99BFD-66FB-466F-AA8F-3E5023B92580}.Debug|iPhone.Build.0 = Debug|Any CPU
		{60A99BFD-66FB-466F-AA8F-3E5023B92580}.Debug|iPhoneSimulator.ActiveCfg = Debug|Any CPU
		{60A99BFD-66FB-466F-AA8F-3E5023B92580}.Debug|iPhoneSimulator.Build.0 = Debug|Any CPU
		{60A99BFD-66FB-466F-AA8F-3E5023B92580}.Debug|x64.ActiveCfg = Debug|Any CPU
		{60A99BFD-66FB-466F-AA8F-3E5023B92580}.Debug|x64.Build.0 = Debug|Any CPU
		{60A99BFD-66FB-466F-AA8F-3E5023B92580}.Debug|x86.ActiveCfg = Debug|Any CPU
		{60A99BFD-66FB-466F-AA8F-3E5023B92580}.Debug|x86.Build.0 = Debug|Any CPU
		{60A99BFD-66FB-466F-AA8F-3E5023B92580}.Release|Any CPU.ActiveCfg = Release|Any CPU
		{60A99BFD-66FB-466F-AA8F-3E5023B92580}.Release|Any CPU.Build.0 = Release|Any CPU
		{60A99BFD-66FB-466F-AA8F-3E5023B92580}.Release|ARM.ActiveCfg = Release|Any CPU
		{60A99BFD-66FB-466F-AA8F-3E5023B92580}.Release|ARM.Build.0 = Release|Any CPU
		{60A99BFD-66FB-466F-AA8F-3E5023B92580}.Release|ARM64.ActiveCfg = Release|Any CPU
		{60A99BFD-66FB-466F-AA8F-3E5023B92580}.Release|ARM64.Build.0 = Release|Any CPU
		{60A99BFD-66FB-466F-AA8F-3E5023B92580}.Release|iPhone.ActiveCfg = Release|Any CPU
		{60A99BFD-66FB-466F-AA8F-3E5023B92580}.Release|iPhone.Build.0 = Release|Any CPU
		{60A99BFD-66FB-466F-AA8F-3E5023B92580}.Release|iPhoneSimulator.ActiveCfg = Release|Any CPU
		{60A99BFD-66FB-466F-AA8F-3E5023B92580}.Release|iPhoneSimulator.Build.0 = Release|Any CPU
		{60A99BFD-66FB-466F-AA8F-3E5023B92580}.Release|x64.ActiveCfg = Release|Any CPU
		{60A99BFD-66FB-466F-AA8F-3E5023B92580}.Release|x64.Build.0 = Release|Any CPU
		{60A99BFD-66FB-466F-AA8F-3E5023B92580}.Release|x86.ActiveCfg = Release|Any CPU
		{60A99BFD-66FB-466F-AA8F-3E5023B92580}.Release|x86.Build.0 = Release|Any CPU
		{CA2E9687-C5BA-4893-9C5B-49646EC0AD8E}.Debug|Any CPU.ActiveCfg = Debug|Any CPU
		{CA2E9687-C5BA-4893-9C5B-49646EC0AD8E}.Debug|Any CPU.Build.0 = Debug|Any CPU
		{CA2E9687-C5BA-4893-9C5B-49646EC0AD8E}.Debug|ARM.ActiveCfg = Debug|Any CPU
		{CA2E9687-C5BA-4893-9C5B-49646EC0AD8E}.Debug|ARM.Build.0 = Debug|Any CPU
		{CA2E9687-C5BA-4893-9C5B-49646EC0AD8E}.Debug|ARM64.ActiveCfg = Debug|Any CPU
		{CA2E9687-C5BA-4893-9C5B-49646EC0AD8E}.Debug|ARM64.Build.0 = Debug|Any CPU
		{CA2E9687-C5BA-4893-9C5B-49646EC0AD8E}.Debug|iPhone.ActiveCfg = Debug|Any CPU
		{CA2E9687-C5BA-4893-9C5B-49646EC0AD8E}.Debug|iPhone.Build.0 = Debug|Any CPU
		{CA2E9687-C5BA-4893-9C5B-49646EC0AD8E}.Debug|iPhoneSimulator.ActiveCfg = Debug|Any CPU
		{CA2E9687-C5BA-4893-9C5B-49646EC0AD8E}.Debug|iPhoneSimulator.Build.0 = Debug|Any CPU
		{CA2E9687-C5BA-4893-9C5B-49646EC0AD8E}.Debug|x64.ActiveCfg = Debug|Any CPU
		{CA2E9687-C5BA-4893-9C5B-49646EC0AD8E}.Debug|x64.Build.0 = Debug|Any CPU
		{CA2E9687-C5BA-4893-9C5B-49646EC0AD8E}.Debug|x86.ActiveCfg = Debug|Any CPU
		{CA2E9687-C5BA-4893-9C5B-49646EC0AD8E}.Debug|x86.Build.0 = Debug|Any CPU
		{CA2E9687-C5BA-4893-9C5B-49646EC0AD8E}.Release|Any CPU.ActiveCfg = Release|Any CPU
		{CA2E9687-C5BA-4893-9C5B-49646EC0AD8E}.Release|Any CPU.Build.0 = Release|Any CPU
		{CA2E9687-C5BA-4893-9C5B-49646EC0AD8E}.Release|ARM.ActiveCfg = Release|Any CPU
		{CA2E9687-C5BA-4893-9C5B-49646EC0AD8E}.Release|ARM.Build.0 = Release|Any CPU
		{CA2E9687-C5BA-4893-9C5B-49646EC0AD8E}.Release|ARM64.ActiveCfg = Release|Any CPU
		{CA2E9687-C5BA-4893-9C5B-49646EC0AD8E}.Release|ARM64.Build.0 = Release|Any CPU
		{CA2E9687-C5BA-4893-9C5B-49646EC0AD8E}.Release|iPhone.ActiveCfg = Release|Any CPU
		{CA2E9687-C5BA-4893-9C5B-49646EC0AD8E}.Release|iPhone.Build.0 = Release|Any CPU
		{CA2E9687-C5BA-4893-9C5B-49646EC0AD8E}.Release|iPhoneSimulator.ActiveCfg = Release|Any CPU
		{CA2E9687-C5BA-4893-9C5B-49646EC0AD8E}.Release|iPhoneSimulator.Build.0 = Release|Any CPU
		{CA2E9687-C5BA-4893-9C5B-49646EC0AD8E}.Release|x64.ActiveCfg = Release|Any CPU
		{CA2E9687-C5BA-4893-9C5B-49646EC0AD8E}.Release|x64.Build.0 = Release|Any CPU
		{CA2E9687-C5BA-4893-9C5B-49646EC0AD8E}.Release|x86.ActiveCfg = Release|Any CPU
		{CA2E9687-C5BA-4893-9C5B-49646EC0AD8E}.Release|x86.Build.0 = Release|Any CPU
		{E65A6781-CDD9-4A02-B8A2-41E754C0DFFE}.Debug|Any CPU.ActiveCfg = Debug|Any CPU
		{E65A6781-CDD9-4A02-B8A2-41E754C0DFFE}.Debug|Any CPU.Build.0 = Debug|Any CPU
		{E65A6781-CDD9-4A02-B8A2-41E754C0DFFE}.Debug|ARM.ActiveCfg = Debug|Any CPU
		{E65A6781-CDD9-4A02-B8A2-41E754C0DFFE}.Debug|ARM.Build.0 = Debug|Any CPU
		{E65A6781-CDD9-4A02-B8A2-41E754C0DFFE}.Debug|ARM64.ActiveCfg = Debug|Any CPU
		{E65A6781-CDD9-4A02-B8A2-41E754C0DFFE}.Debug|ARM64.Build.0 = Debug|Any CPU
		{E65A6781-CDD9-4A02-B8A2-41E754C0DFFE}.Debug|iPhone.ActiveCfg = Debug|Any CPU
		{E65A6781-CDD9-4A02-B8A2-41E754C0DFFE}.Debug|iPhone.Build.0 = Debug|Any CPU
		{E65A6781-CDD9-4A02-B8A2-41E754C0DFFE}.Debug|iPhoneSimulator.ActiveCfg = Debug|Any CPU
		{E65A6781-CDD9-4A02-B8A2-41E754C0DFFE}.Debug|iPhoneSimulator.Build.0 = Debug|Any CPU
		{E65A6781-CDD9-4A02-B8A2-41E754C0DFFE}.Debug|x64.ActiveCfg = Debug|Any CPU
		{E65A6781-CDD9-4A02-B8A2-41E754C0DFFE}.Debug|x64.Build.0 = Debug|Any CPU
		{E65A6781-CDD9-4A02-B8A2-41E754C0DFFE}.Debug|x86.ActiveCfg = Debug|Any CPU
		{E65A6781-CDD9-4A02-B8A2-41E754C0DFFE}.Debug|x86.Build.0 = Debug|Any CPU
		{E65A6781-CDD9-4A02-B8A2-41E754C0DFFE}.Release|Any CPU.ActiveCfg = Release|Any CPU
		{E65A6781-CDD9-4A02-B8A2-41E754C0DFFE}.Release|Any CPU.Build.0 = Release|Any CPU
		{E65A6781-CDD9-4A02-B8A2-41E754C0DFFE}.Release|ARM.ActiveCfg = Release|Any CPU
		{E65A6781-CDD9-4A02-B8A2-41E754C0DFFE}.Release|ARM.Build.0 = Release|Any CPU
		{E65A6781-CDD9-4A02-B8A2-41E754C0DFFE}.Release|ARM64.ActiveCfg = Release|Any CPU
		{E65A6781-CDD9-4A02-B8A2-41E754C0DFFE}.Release|ARM64.Build.0 = Release|Any CPU
		{E65A6781-CDD9-4A02-B8A2-41E754C0DFFE}.Release|iPhone.ActiveCfg = Release|Any CPU
		{E65A6781-CDD9-4A02-B8A2-41E754C0DFFE}.Release|iPhone.Build.0 = Release|Any CPU
		{E65A6781-CDD9-4A02-B8A2-41E754C0DFFE}.Release|iPhoneSimulator.ActiveCfg = Release|Any CPU
		{E65A6781-CDD9-4A02-B8A2-41E754C0DFFE}.Release|iPhoneSimulator.Build.0 = Release|Any CPU
		{E65A6781-CDD9-4A02-B8A2-41E754C0DFFE}.Release|x64.ActiveCfg = Release|Any CPU
		{E65A6781-CDD9-4A02-B8A2-41E754C0DFFE}.Release|x64.Build.0 = Release|Any CPU
		{E65A6781-CDD9-4A02-B8A2-41E754C0DFFE}.Release|x86.ActiveCfg = Release|Any CPU
		{E65A6781-CDD9-4A02-B8A2-41E754C0DFFE}.Release|x86.Build.0 = Release|Any CPU
	EndGlobalSection
	GlobalSection(SolutionProperties) = preSolution
		HideSolutionNode = FALSE
	EndGlobalSection
	GlobalSection(NestedProjects) = preSolution
		{8CCE4B4C-2B7D-4AD9-98E4-B9558B683C07} = {9DBB2590-B2C1-4C14-A08C-6AB2BD68E488}
		{E06C80EE-F38D-485F-AA45-535A16F3082B} = {9DBB2590-B2C1-4C14-A08C-6AB2BD68E488}
		{3621224F-22B2-440D-84A3-27A8C80C18C0} = {9DBB2590-B2C1-4C14-A08C-6AB2BD68E488}
		{051EEB35-78E9-45B0-8A5E-99612B15C128} = {9DBB2590-B2C1-4C14-A08C-6AB2BD68E488}
		{F22CAD7A-3767-40BD-BCC6-75B466C26C08} = {9DBB2590-B2C1-4C14-A08C-6AB2BD68E488}
		{6D22247B-225D-4901-BC3D-80A8B3B2503C} = {B9F22818-A93D-4ACC-82D9-B7F7194CE53F}
		{60A99BFD-66FB-466F-AA8F-3E5023B92580} = {B9F22818-A93D-4ACC-82D9-B7F7194CE53F}
		{CA2E9687-C5BA-4893-9C5B-49646EC0AD8E} = {B9F22818-A93D-4ACC-82D9-B7F7194CE53F}
		{E65A6781-CDD9-4A02-B8A2-41E754C0DFFE} = {B9F22818-A93D-4ACC-82D9-B7F7194CE53F}
	EndGlobalSection
	GlobalSection(ExtensibilityGlobals) = postSolution
		SolutionGuid = {8FAC0BF0-EBE4-4059-A7F3-5BFCEFF23DDD}
	EndGlobalSection
EndGlobal
